Microsoft Visual Studio Solution File, Format Version 11.00
# Visual Studio 2008

Project("{F05BB820-0FE0-5A24-CCD5-F3BBB9A03DAD}") = "Space Rocks", "Assembly-CSharp-firstpass.csproj", "{003772ED-BF4F-C680-04A9-056A7D163043}"
EndProject
Project("{F05BB820-0FE0-5A24-CCD5-F3BBB9A03DAD}") = "Space Rocks", "Assembly-CSharp-Editor.csproj", "{34FD55D4-8F34-30A2-C29B-0DB7963EA9C3}"
EndProject
Global
	GlobalSection(SolutionConfigurationPlatforms) = preSolution
		Debug|Any CPU = Debug|Any CPU
		Release|Any CPU = Release|Any CPU
	EndGlobalSection
	GlobalSection(ProjectConfigurationPlatforms) = postSolution
		{003772ED-BF4F-C680-04A9-056A7D163043}.Debug|Any CPU.ActiveCfg = Debug|Any CPU
		{003772ED-BF4F-C680-04A9-056A7D163043}.Debug|Any CPU.Build.0 = Debug|Any CPU
		{003772ED-BF4F-C680-04A9-056A7D163043}.Release|Any CPU.ActiveCfg = Release|Any CPU
		{003772ED-BF4F-C680-04A9-056A7D163043}.Release|Any CPU.Build.0 = Release|Any CPU
		{34FD55D4-8F34-30A2-C29B-0DB7963EA9C3}.Debug|Any CPU.ActiveCfg = Debug|Any CPU
		{34FD55D4-8F34-30A2-C29B-0DB7963EA9C3}.Debug|Any CPU.Build.0 = Debug|Any CPU
		{34FD55D4-8F34-30A2-C29B-0DB7963EA9C3}.Release|Any CPU.ActiveCfg = Release|Any CPU
		{34FD55D4-8F34-30A2-C29B-0DB7963EA9C3}.Release|Any CPU.Build.0 = Release|Any CPU
	EndGlobalSection
	GlobalSection(SolutionProperties) = preSolution
		HideSolutionNode = FALSE
	EndGlobalSection
	GlobalSection(MonoDevelopProperties) = preSolution
		StartupItem = Assembly-CSharp.csproj
	EndGlobalSection
EndGlobal
